
Microsoft Visual Studio Solution File, Format Version 12.00
# Visual Studio Version 17
VisualStudioVersion = 17.14.36109.1 d17.14
MinimumVisualStudioVersion = 10.0.40219.1
Project("{FAE04EC0-301F-11D3-BF4B-00C04F79EFBC}") = "PolyExample31", "PolyExample31.csproj", "{8771CE1F-6591-41E4-886F-1A5BA3C90B99}"
EndProject
Global
	GlobalSection(SolutionConfigurationPlatforms) = preSolution
		Debug|Any CPU = Debug|Any CPU
		Release|Any CPU = Release|Any CPU
	EndGlobalSection
	GlobalSection(ProjectConfigurationPlatforms) = postSolution
		{8771CE1F-6591-41E4-886F-1A5BA3C90B99}.Debug|Any CPU.ActiveCfg = Debug|Any CPU
		{8771CE1F-6591-41E4-886F-1A5BA3C90B99}.Debug|Any CPU.Build.0 = Debug|Any CPU
		{8771CE1F-6591-41E4-886F-1A5BA3C90B99}.Release|Any CPU.ActiveCfg = Release|Any CPU
		{8771CE1F-6591-41E4-886F-1A5BA3C90B99}.Release|Any CPU.Build.0 = Release|Any CPU
	EndGlobalSection
	GlobalSection(SolutionProperties) = preSolution
		HideSolutionNode = FALSE
	EndGlobalSection
	GlobalSection(ExtensibilityGlobals) = postSolution
		SolutionGuid = {825B34E7-2499-4D7F-8D5B-E4D1F4503753}
	EndGlobalSection
EndGlobal
